// !$*UTF8*$!
{
	archiveVersion = 1;
	classes = {
	};
	objectVersion = 56;
	objects = {

/* Begin PBXBuildFile section */
		FD15E26E2CF36018000FEEC9 /* main.swift in Sources */ = {isa = PBXBuildFile; fileRef = FD15E26D2CF36018000FEEC9 /* main.swift */; };
		FD7EEB512CF4D6AB00E93C3F /* ProtocolAnimal.swift in Sources */ = {isa = PBXBuildFile; fileRef = FD7EEB502CF4D6AB00E93C3F /* ProtocolAnimal.swift */; };
		FD7EEB532CF4D74C00E93C3F /* ClassDog.swift in Sources */ = {isa = PBXBuildFile; fileRef = FD7EEB522CF4D74C00E93C3F /* ClassDog.swift */; };
		FD7EEB552CF4DE8E00E93C3F /* ClassCat.swift in Sources */ = {isa = PBXBuildFile; fileRef = FD7EEB542CF4DE8E00E93C3F /* ClassCat.swift */; };
		FD7EEB572CF4DF3600E93C3F /* ClassHamster.swift in Sources */ = {isa = PBXBuildFile; fileRef = FD7EEB562CF4DF3600E93C3F /* ClassHamster.swift */; };
		FD7EEB592CF4E0CE00E93C3F /* ClassGuineaPig.swift in Sources */ = {isa = PBXBuildFile; fileRef = FD7EEB582CF4E0CE00E93C3F /* ClassGuineaPig.swift */; };
/* End PBXBuildFile section */

/* Begin PBXCopyFilesBuildPhase section */
		FD15E2682CF36018000FEEC9 /* CopyFiles */ = {
			isa = PBXCopyFilesBuildPhase;
			buildActionMask = 2147483647;
			dstPath = /usr/share/man/man1/;
			dstSubfolderSpec = 0;
			files = (
			);
			runOnlyForDeploymentPostprocessing = 1;
		};
/* End PBXCopyFilesBuildPhase section */

/* Begin PBXFileReference section */
		FD15E26A2CF36018000FEEC9 /* exercise3 */ = {isa = PBXFileReference; explicitFileType = "compiled.mach-o.executable"; includeInIndex = 0; path = exercise3; sourceTree = BUILT_PRODUCTS_DIR; };
		FD15E26D2CF36018000FEEC9 /* main.swift */ = {isa = PBXFileReference; lastKnownFileType = sourcecode.swift; path = main.swift; sourceTree = "<group>"; };
		FD7EEB502CF4D6AB00E93C3F /* ProtocolAnimal.swift */ = {isa = PBXFileReference; lastKnownFileType = sourcecode.swift; path = ProtocolAnimal.swift; sourceTree = "<group>"; };
		FD7EEB522CF4D74C00E93C3F /* ClassDog.swift */ = {isa = PBXFileReference; lastKnownFileType = sourcecode.swift; path = ClassDog.swift; sourceTree = "<group>"; };
		FD7EEB542CF4DE8E00E93C3F /* ClassCat.swift */ = {isa = PBXFileReference; lastKnownFileType = sourcecode.swift; path = ClassCat.swift; sourceTree = "<group>"; };
		FD7EEB562CF4DF3600E93C3F /* ClassHamster.swift */ = {isa = PBXFileReference; lastKnownFileType = sourcecode.swift; path = ClassHamster.swift; sourceTree = "<group>"; };
		FD7EEB582CF4E0CE00E93C3F /* ClassGuineaPig.swift */ = {isa = PBXFileReference; lastKnownFileType = sourcecode.swift; path = ClassGuineaPig.swift; sourceTree = "<group>"; };
/* End PBXFileReference section */

/* Begin PBXFrameworksBuildPhase section */
		FD15E2672CF36018000FEEC9 /* Frameworks */ = {
			isa = PBXFrameworksBuildPhase;
			buildActionMask = 2147483647;
			files = (
			);
			runOnlyForDeploymentPostprocessing = 0;
		};
/* End PBXFrameworksBuildPhase section */

/* Begin PBXGroup section */
		FD15E2612CF36018000FEEC9 = {
			isa = PBXGroup;
			children = (
				FD15E26C2CF36018000FEEC9 /* exercise3 */,
				FD15E26B2CF36018000FEEC9 /* Products */,
			);
			sourceTree = "<group>";
		};
		FD15E26B2CF36018000FEEC9 /* Products */ = {
			isa = PBXGroup;
			children = (
				FD15E26A2CF36018000FEEC9 /* exercise3 */,
			);
			name = Products;
			sourceTree = "<group>";
		};
		FD15E26C2CF36018000FEEC9 /* exercise3 */ = {
			isa = PBXGroup;
			children = (
				FD15E26D2CF36018000FEEC9 /* main.swift */,
				FD7EEB502CF4D6AB00E93C3F /* ProtocolAnimal.swift */,
				FD7EEB522CF4D74C00E93C3F /* ClassDog.swift */,
				FD7EEB542CF4DE8E00E93C3F /* ClassCat.swift */,
				FD7EEB562CF4DF3600E93C3F /* ClassHamster.swift */,
				FD7EEB582CF4E0CE00E93C3F /* ClassGuineaPig.swift */,
			);
			path = exercise3;
			sourceTree = "<group>";
		};
/* End PBXGroup section */

/* Begin PBXNativeTarget section */
		FD15E2692CF36018000FEEC9 /* exercise3 */ = {
			isa = PBXNativeTarget;
			buildConfigurationList = FD15E2712CF36018000FEEC9 /* Build configuration list for PBXNativeTarget "exercise3" */;
			buildPhases = (
				FD15E2662CF36018000FEEC9 /* Sources */,
				FD15E2672CF36018000FEEC9 /* Frameworks */,
				FD15E2682CF36018000FEEC9 /* CopyFiles */,
			);
			buildRules = (
			);
			dependencies = (
			);
			name = exercise3;
			productName = exercise3;
			productReference = FD15E26A2CF36018000FEEC9 /* exercise3 */;
			productType = "com.apple.product-type.tool";
		};
/* End PBXNativeTarget section */

/* Begin PBXProject section */
		FD15E2622CF36018000FEEC9 /* Project object */ = {
			isa = PBXProject;
			attributes = {
				BuildIndependentTargetsInParallel = 1;
				LastSwiftUpdateCheck = 1430;
				LastUpgradeCheck = 1430;
				TargetAttributes = {
					FD15E2692CF36018000FEEC9 = {
						CreatedOnToolsVersion = 14.3.1;
					};
				};
			};
			buildConfigurationList = FD15E2652CF36018000FEEC9 /* Build configuration list for PBXProject "exercise3" */;
			compatibilityVersion = "Xcode 14.0";
			developmentRegion = en;
			hasScannedForEncodings = 0;
			knownRegions = (
				en,
				Base,
			);
			mainGroup = FD15E2612CF36018000FEEC9;
			productRefGroup = FD15E26B2CF36018000FEEC9 /* Products */;
			projectDirPath = "";
			projectRoot = "";
			targets = (
				FD15E2692CF36018000FEEC9 /* exercise3 */,
			);
		};
/* End PBXProject section */

/* Begin PBXSourcesBuildPhase section */
		FD15E2662CF36018000FEEC9 /* Sources */ = {
			isa = PBXSourcesBuildPhase;
			buildActionMask = 2147483647;
			files = (
				FD15E26E2CF36018000FEEC9 /* main.swift in Sources */,
				FD7EEB512CF4D6AB00E93C3F /* ProtocolAnimal.swift in Sources */,
				FD7EEB592CF4E0CE00E93C3F /* ClassGuineaPig.swift in Sources */,
				FD7EEB532CF4D74C00E93C3F /* ClassDog.swift in Sources */,
				FD7EEB572CF4DF3600E93C3F /* ClassHamster.swift in Sources */,
				FD7EEB552CF4DE8E00E93C3F /* ClassCat.swift in Sources */,
			);
			runOnlyForDeploymentPostprocessing = 0;
		};
/* End PBXSourcesBuildPhase section */

/* Begin XCBuildConfiguration section */
		FD15E26F2CF36018000FEEC9 /* Debug */ = {
			isa = XCBuildConfiguration;
			buildSettings = {
				ALWAYS_SEARCH_USER_PATHS = NO;
				CLANG_ANALYZER_NONNULL = YES;
				CLANG_ANALYZER_NUMBER_OBJECT_CONVERSION = YES_AGGRESSIVE;
				CLANG_CXX_LANGUAGE_STANDARD = "gnu++20";
				CLANG_ENABLE_MODULES = YES;
				CLANG_ENABLE_OBJC_ARC = YES;
				CLANG_ENABLE_OBJC_WEAK = YES;
				CLANG_WARN_BLOCK_CAPTURE_AUTORELEASING = YES;
				CLANG_WARN_BOOL_CONVERSION = YES;
				CLANG_WARN_COMMA = YES;
				CLANG_WARN_CONSTANT_CONVERSION = YES;
				CLANG_WARN_DEPRECATED_OBJC_IMPLEMENTATIONS = YES;
				CLANG_WARN_DIRECT_OBJC_ISA_USAGE = YES_ERROR;
				CLANG_WARN_DOCUMENTATION_COMMENTS = YES;
				CLANG_WARN_EMPTY_BODY = YES;
				CLANG_WARN_ENUM_CONVERSION = YES;
				CLANG_WARN_INFINITE_RECURSION = YES;
				CLANG_WARN_INT_CONVERSION = YES;
				CLANG_WARN_NON_LITERAL_NULL_CONVERSION = YES;
				CLANG_WARN_OBJC_IMPLICIT_RETAIN_SELF = YES;
				CLANG_WARN_OBJC_LITERAL_CONVERSION = YES;
				CLANG_WARN_OBJC_ROOT_CLASS = YES_ERROR;
				CLANG_WARN_QUOTED_INCLUDE_IN_FRAMEWORK_HEADER = YES;
				CLANG_WARN_RANGE_LOOP_ANALYSIS = YES;
				CLANG_WARN_STRICT_PROTOTYPES = YES;
				CLANG_WARN_SUSPICIOUS_MOVE = YES;
				CLANG_WARN_UNGUARDED_AVAILABILITY = YES_AGGRESSIVE;
				CLANG_WARN_UNREACHABLE_CODE = YES;
				CLANG_WARN__DUPLICATE_METHOD_MATCH = YES;
				COPY_PHASE_STRIP = NO;
				DEBUG_INFORMATION_FORMAT = dwarf;
				ENABLE_STRICT_OBJC_MSGSEND = YES;
				ENABLE_TESTABILITY = YES;
				GCC_C_LANGUAGE_STANDARD = gnu11;
				GCC_DYNAMIC_NO_PIC = NO;
				GCC_NO_COMMON_BLOCKS = YES;
				GCC_OPTIMIZATION_LEVEL = 0;
				GCC_PREPROCESSOR_DEFINITIONS = (
					"DEBUG=1",
					"$(inherited)",
				);
				GCC_WARN_64_TO_32_BIT_CONVERSION = YES;
				GCC_WARN_ABOUT_RETURN_TYPE = YES_ERROR;
				GCC_WARN_UNDECLARED_SELECTOR = YES;
				GCC_WARN_UNINITIALIZED_AUTOS = YES_AGGRESSIVE;
				GCC_WARN_UNUSED_FUNCTION = YES;
				GCC_WARN_UNUSED_VARIABLE = YES;
				MACOSX_DEPLOYMENT_TARGET = 13.3;
				MTL_ENABLE_DEBUG_INFO = INCLUDE_SOURCE;
				MTL_FAST_MATH = YES;
				ONLY_ACTIVE_ARCH = YES;
				SDKROOT = macosx;
				SWIFT_ACTIVE_COMPILATION_CONDITIONS = DEBUG;
				SWIFT_OPTIMIZATION_LEVEL = "-Onone";
			};
			name = Debug;
		};
		FD15E2702CF36018000FEEC9 /* Release */ = {
			isa = XCBuildConfiguration;
			buildSettings = {
				ALWAYS_SEARCH_USER_PATHS = NO;
				CLANG_ANALYZER_NONNULL = YES;
				CLANG_ANALYZER_NUMBER_OBJECT_CONVERSION = YES_AGGRESSIVE;
				CLANG_CXX_LANGUAGE_STANDARD = "gnu++20";
				CLANG_ENABLE_MODULES = YES;
				CLANG_ENABLE_OBJC_ARC = YES;
				CLANG_ENABLE_OBJC_WEAK = YES;
				CLANG_WARN_BLOCK_CAPTURE_AUTORELEASING = YES;
				CLANG_WARN_BOOL_CONVERSION = YES;
				CLANG_WARN_COMMA = YES;
				CLANG_WARN_CONSTANT_CONVERSION = YES;
				CLANG_WARN_DEPRECATED_OBJC_IMPLEMENTATIONS = YES;
				CLANG_WARN_DIRECT_OBJC_ISA_USAGE = YES_ERROR;
				CLANG_WARN_DOCUMENTATION_COMMENTS = YES;
				CLANG_WARN_EMPTY_BODY = YES;
				CLANG_WARN_ENUM_CONVERSION = YES;
				CLANG_WARN_INFINITE_RECURSION = YES;
				CLANG_WARN_INT_CONVERSION = YES;
				CLANG_WARN_NON_LITERAL_NULL_CONVERSION = YES;
				CLANG_WARN_OBJC_IMPLICIT_RETAIN_SELF = YES;
				CLANG_WARN_OBJC_LITERAL_CONVERSION = YES;
				CLANG_WARN_OBJC_ROOT_CLASS = YES_ERROR;
				CLANG_WARN_QUOTED_INCLUDE_IN_FRAMEWORK_HEADER = YES;
				CLANG_WARN_RANGE_LOOP_ANALYSIS = YES;
				CLANG_WARN_STRICT_PROTOTYPES = YES;
				CLANG_WARN_SUSPICIOUS_MOVE = YES;
				CLANG_WARN_UNGUARDED_AVAILABILITY = YES_AGGRESSIVE;
				CLANG_WARN_UNREACHABLE_CODE = YES;
				CLANG_WARN__DUPLICATE_METHOD_MATCH = YES;
				COPY_PHASE_STRIP = NO;
				DEBUG_INFORMATION_FORMAT = "dwarf-with-dsym";
				ENABLE_NS_ASSERTIONS = NO;
				ENABLE_STRICT_OBJC_MSGSEND = YES;
				GCC_C_LANGUAGE_STANDARD = gnu11;
				GCC_NO_COMMON_BLOCKS = YES;
				GCC_WARN_64_TO_32_BIT_CONVERSION = YES;
				GCC_WARN_ABOUT_RETURN_TYPE = YES_ERROR;
				GCC_WARN_UNDECLARED_SELECTOR = YES;
				GCC_WARN_UNINITIALIZED_AUTOS = YES_AGGRESSIVE;
				GCC_WARN_UNUSED_FUNCTION = YES;
				GCC_WARN_UNUSED_VARIABLE = YES;
				MACOSX_DEPLOYMENT_TARGET = 13.3;
				MTL_ENABLE_DEBUG_INFO = NO;
				MTL_FAST_MATH = YES;
				SDKROOT = macosx;
				SWIFT_COMPILATION_MODE = wholemodule;
				SWIFT_OPTIMIZATION_LEVEL = "-O";
			};
			name = Release;
		};
		FD15E2722CF36018000FEEC9 /* Debug */ = {
			isa = XCBuildConfiguration;
			buildSettings = {
				CODE_SIGN_STYLE = Automatic;
				PRODUCT_NAME = "$(TARGET_NAME)";
				SWIFT_VERSION = 5.0;
			};
			name = Debug;
		};
		FD15E2732CF36018000FEEC9 /* Release */ = {
			isa = XCBuildConfiguration;
			buildSettings = {
				CODE_SIGN_STYLE = Automatic;
				PRODUCT_NAME = "$(TARGET_NAME)";
				SWIFT_VERSION = 5.0;
			};
			name = Release;
		};
/* End XCBuildConfiguration section */

/* Begin XCConfigurationList section */
		FD15E2652CF36018000FEEC9 /* Build configuration list for PBXProject "exercise3" */ = {
			isa = XCConfigurationList;
			buildConfigurations = (
				FD15E26F2CF36018000FEEC9 /* Debug */,
				FD15E2702CF36018000FEEC9 /* Release */,
			);
			defaultConfigurationIsVisible = 0;
			defaultConfigurationName = Release;
		};
		FD15E2712CF36018000FEEC9 /* Build configuration list for PBXNativeTarget "exercise3" */ = {
			isa = XCConfigurationList;
			buildConfigurations = (
				FD15E2722CF36018000FEEC9 /* Debug */,
				FD15E2732CF36018000FEEC9 /* Release */,
			);
			defaultConfigurationIsVisible = 0;
			defaultConfigurationName = Release;
		};
/* End XCConfigurationList section */
	};
	rootObject = FD15E2622CF36018000FEEC9 /* Project object */;
}
